PODS:
  - "app_settings (3.0.0+1)":
    - Flutter
  - background_fetch (0.6.0):
    - Flutter
  - connectivity (0.0.1):
    - Flutter
    - Reachability
  - device_info (0.0.1):
    - Flutter
  - Flutter (1.0.0)
  - flutter_app_badger (0.0.1):
    - Flutter
  - flutter_email_sender (0.0.1):
    - Flutter
  - flutter_full_pdf_viewer (1.0.1):
    - Flutter
  - flutter_local_notifications (0.0.1):
    - Flutter
  - flutter_secure_storage (3.3.1):
    - Flutter
  - flutter_statusbarcolor (0.0.1):
    - Flutter
  - package_info (0.0.1):
    - Flutter
  - path_provider (0.0.1):
    - Flutter
  - quick_actions (0.0.1):
    - Flutter
  - Reachability (3.2)
  - share_extend (0.0.1):
    - Flutter
  - shared_preferences (0.0.1):
    - Flutter
  - url_launcher (0.0.1):
    - Flutter

DEPENDENCIES:
  - app_settings (from `.symlinks/plugins/app_settings/ios`)
  - background_fetch (from `.symlinks/plugins/background_fetch/ios`)
  - connectivity (from `.symlinks/plugins/connectivity/ios`)
  - device_info (from `.symlinks/plugins/device_info/ios`)
  - Flutter (from `Flutter`)
  - flutter_app_badger (from `.symlinks/plugins/flutter_app_badger/ios`)
  - flutter_email_sender (from `.symlinks/plugins/flutter_email_sender/ios`)
  - flutter_full_pdf_viewer (from `.symlinks/plugins/flutter_full_pdf_viewer/ios`)
  - flutter_local_notifications (from `.symlinks/plugins/flutter_local_notifications/ios`)
  - flutter_secure_storage (from `.symlinks/plugins/flutter_secure_storage/ios`)
  - flutter_statusbarcolor (from `.symlinks/plugins/flutter_statusbarcolor/ios`)
  - package_info (from `.symlinks/plugins/package_info/ios`)
  - path_provider (from `.symlinks/plugins/path_provider/ios`)
  - quick_actions (from `.symlinks/plugins/quick_actions/ios`)
  - share_extend (from `.symlinks/plugins/share_extend/ios`)
  - shared_preferences (from `.symlinks/plugins/shared_preferences/ios`)
  - url_launcher (from `.symlinks/plugins/url_launcher/ios`)

SPEC REPOS:
  trunk:
    - Reachability

EXTERNAL SOURCES:
  app_settings:
    :path: ".symlinks/plugins/app_settings/ios"
  background_fetch:
    :path: ".symlinks/plugins/background_fetch/ios"
  connectivity:
    :path: ".symlinks/plugins/connectivity/ios"
  device_info:
    :path: ".symlinks/plugins/device_info/ios"
  Flutter:
    :path: Flutter
  flutter_app_badger:
    :path: ".symlinks/plugins/flutter_app_badger/ios"
  flutter_email_sender:
    :path: ".symlinks/plugins/flutter_email_sender/ios"
  flutter_full_pdf_viewer:
    :path: ".symlinks/plugins/flutter_full_pdf_viewer/ios"
  flutter_local_notifications:
    :path: ".symlinks/plugins/flutter_local_notifications/ios"
  flutter_secure_storage:
    :path: ".symlinks/plugins/flutter_secure_storage/ios"
  flutter_statusbarcolor:
    :path: ".symlinks/plugins/flutter_statusbarcolor/ios"
  package_info:
    :path: ".symlinks/plugins/package_info/ios"
  path_provider:
    :path: ".symlinks/plugins/path_provider/ios"
  quick_actions:
    :path: ".symlinks/plugins/quick_actions/ios"
  share_extend:
    :path: ".symlinks/plugins/share_extend/ios"
  shared_preferences:
    :path: ".symlinks/plugins/shared_preferences/ios"
  url_launcher:
    :path: ".symlinks/plugins/url_launcher/ios"

SPEC CHECKSUMS:
  app_settings: d103828c9f5d515c4df9ee754dabd443f7cedcf3
  background_fetch: 9221ccc02b41aff8a52b2090d9f791c5ed82eaee
  connectivity: c4130b2985d4ef6fd26f9702e886bd5260681467
  device_info: d7d233b645a32c40dfdc212de5cf646ca482f175
  Flutter: 0e3d915762c693b495b44d77113d4970485de6ec
  flutter_app_badger: 65de4d6f0c34a891df49e6cfb8a1c0496426fa68
  flutter_email_sender: f787522d0e82f50e5766c1213dbffff22fdcf009
  flutter_full_pdf_viewer: 1b65139fc3236cde300ba6bea2a72669cb07f2e6
  flutter_local_notifications: 9e4738ce2471c5af910d961a6b7eadcf57c50186
  flutter_secure_storage: 7953c38a04c3fdbb00571bcd87d8e3b5ceb9daec
  flutter_statusbarcolor: 8afb1071ed8c58be929f1e32b36c629771fd2259
  package_info: 873975fc26034f0b863a300ad47e7f1ac6c7ec62
  path_provider: abfe2b5c733d04e238b0d8691db0cfd63a27a93c
  quick_actions: 6cb2390c4dab0e737c94573c27e18d9666710720
  Reachability: 33e18b67625424e47b6cde6d202dce689ad7af96
  share_extend: b6748dc53695587891126a89533b862b92548c7b
  shared_preferences: af6bfa751691cdc24be3045c43ec037377ada40d
  url_launcher: 6fef411d543ceb26efce54b05a0a40bfd74cbbef

PODFILE CHECKSUM: 80a5bea9f6900750909f6d3fad1d3a0f1e560f5a

COCOAPODS: 1.9.3
